
Microsoft Visual Studio Solution File, Format Version 12.00
# Visual Studio Version 16
VisualStudioVersion = 16.0.28803.202
MinimumVisualStudioVersion = 10.0.40219.1
Project("{2150E333-8FDC-42A3-9474-1A3956D46DE8}") = "server", "server", "{B6299F33-8682-478B-8C2E-A37826DC9B17}"
EndProject
Project("{9A19103F-16F7-4668-BE54-9A1E7A4F7556}") = "Sho.Pocket.Api", "server\Sho.Pocket.Api\Sho.Pocket.Api.csproj", "{E1D355CB-D768-422D-830E-61915626767F}"
EndProject
Project("{00D1A9C2-B5F0-4AF3-8072-F6C62B433612}") = "PocketDb", "database\PocketDb\PocketDb.sqlproj", "{65D6F198-272E-46D5-98BC-DD4503A2A873}"
EndProject
Project("{2150E333-8FDC-42A3-9474-1A3956D46DE8}") = "database", "database", "{88F4556E-4939-403B-8FB2-4C657B10CDE0}"
EndProject
Project("{9A19103F-16F7-4668-BE54-9A1E7A4F7556}") = "Sho.Pocket.Application", "server\Sho.Pocket.Application\Sho.Pocket.Application.csproj", "{4308483D-F48F-43FA-8D05-EAB1EAAD8E07}"
EndProject
Project("{9A19103F-16F7-4668-BE54-9A1E7A4F7556}") = "Sho.Pocket.Domain", "server\Sho.Pocket.Domain\Sho.Pocket.Domain.csproj", "{B0BEEFAB-D41B-4572-928F-B3E2717086BE}"
EndProject
Project("{9A19103F-16F7-4668-BE54-9A1E7A4F7556}") = "Sho.Pocket.Core", "server\Sho.Pocket.Core\Sho.Pocket.Core.csproj", "{D3C0A7C1-921F-4088-91D7-A4687D145D15}"
EndProject
Project("{9A19103F-16F7-4668-BE54-9A1E7A4F7556}") = "Sho.Pocket.Web", "server\Sho.Pocket.Web\Sho.Pocket.Web.csproj", "{B63ABD2F-B86B-4937-8BD1-3A71978427C4}"
EndProject
Project("{2150E333-8FDC-42A3-9474-1A3956D46DE8}") = "tests", "tests", "{D14B7495-CD18-439B-9D37-50E9B134C1F8}"
EndProject
Project("{9A19103F-16F7-4668-BE54-9A1E7A4F7556}") = "Sho.Pocket.Api.IntegrationTests", "tests\Sho.Pocket.Api.IntegrationTests\Sho.Pocket.Api.IntegrationTests.csproj", "{A3FFF33A-A7DE-4B89-BFFF-CA40B521D2A0}"
EndProject
Project("{9A19103F-16F7-4668-BE54-9A1E7A4F7556}") = "Sho.Pocket.Auth.IdentityServer", "server\Sho.Pocket.Auth.IdentityServer\Sho.Pocket.Auth.IdentityServer.csproj", "{5BC06275-EA46-4190-A0D0-9841F0EBAE27}"
EndProject
Project("{9A19103F-16F7-4668-BE54-9A1E7A4F7556}") = "Sho.Pocket.BankIntegration", "server\Sho.Pocket.BankIntegration\Sho.Pocket.BankIntegration.csproj", "{33C6FDDE-707C-431E-8D4B-688ECA71748A}"
EndProject
Project("{9A19103F-16F7-4668-BE54-9A1E7A4F7556}") = "Sho.Pocket.ExchangeRates", "server\Sho.Pocket.ExchangeRates\Sho.Pocket.ExchangeRates.csproj", "{23CB08CA-9D3C-4039-8C47-E4D2732DFD7D}"
EndProject
Project("{9A19103F-16F7-4668-BE54-9A1E7A4F7556}") = "Sho.Pocket.DataAccess.Sql.Dapper", "server\Sho.Pocket.DataAccess.Sql.Dapper\Sho.Pocket.DataAccess.Sql.Dapper.csproj", "{D58DBEAD-D387-4A76-A748-3203D2FA7274}"
EndProject
Project("{9A19103F-16F7-4668-BE54-9A1E7A4F7556}") = "Sho.Pocket.DataAccess.Sql.EntityFramework", "server\Sho.Pocket.DataAccess.Sql.EntityFramework\Sho.Pocket.DataAccess.Sql.EntityFramework.csproj", "{B2CFA699-D5EE-4C5F-BE55-31D2BB840285}"
EndProject
Global
	GlobalSection(SolutionConfigurationPlatforms) = preSolution
		Debug|Any CPU = Debug|Any CPU
		Debug|ARM = Debug|ARM
		Debug|x64 = Debug|x64
		Debug|x86 = Debug|x86
		Release|Any CPU = Release|Any CPU
		Release|ARM = Release|ARM
		Release|x64 = Release|x64
		Release|x86 = Release|x86
	EndGlobalSection
	GlobalSection(ProjectConfigurationPlatforms) = postSolution
		{E1D355CB-D768-422D-830E-61915626767F}.Debug|Any CPU.ActiveCfg = Debug|Any CPU
		{E1D355CB-D768-422D-830E-61915626767F}.Debug|Any CPU.Build.0 = Debug|Any CPU
		{E1D355CB-D768-422D-830E-61915626767F}.Debug|ARM.ActiveCfg = Debug|Any CPU
		{E1D355CB-D768-422D-830E-61915626767F}.Debug|ARM.Build.0 = Debug|Any CPU
		{E1D355CB-D768-422D-830E-61915626767F}.Debug|x64.ActiveCfg = Debug|Any CPU
		{E1D355CB-D768-422D-830E-61915626767F}.Debug|x64.Build.0 = Debug|Any CPU
		{E1D355CB-D768-422D-830E-61915626767F}.Debug|x86.ActiveCfg = Debug|Any CPU
		{E1D355CB-D768-422D-830E-61915626767F}.Debug|x86.Build.0 = Debug|Any CPU
		{E1D355CB-D768-422D-830E-61915626767F}.Release|Any CPU.ActiveCfg = Release|Any CPU
		{E1D355CB-D768-422D-830E-61915626767F}.Release|Any CPU.Build.0 = Release|Any CPU
		{E1D355CB-D768-422D-830E-61915626767F}.Release|ARM.ActiveCfg = Release|Any CPU
		{E1D355CB-D768-422D-830E-61915626767F}.Release|ARM.Build.0 = Release|Any CPU
		{E1D355CB-D768-422D-830E-61915626767F}.Release|x64.ActiveCfg = Release|Any CPU
		{E1D355CB-D768-422D-830E-61915626767F}.Release|x64.Build.0 = Release|Any CPU
		{E1D355CB-D768-422D-830E-61915626767F}.Release|x86.ActiveCfg = Release|Any CPU
		{E1D355CB-D768-422D-830E-61915626767F}.Release|x86.Build.0 = Release|Any CPU
		{65D6F198-272E-46D5-98BC-DD4503A2A873}.Debug|Any CPU.ActiveCfg = Debug|Any CPU
		{65D6F198-272E-46D5-98BC-DD4503A2A873}.Debug|Any CPU.Build.0 = Debug|Any CPU
		{65D6F198-272E-46D5-98BC-DD4503A2A873}.Debug|Any CPU.Deploy.0 = Debug|Any CPU
		{65D6F198-272E-46D5-98BC-DD4503A2A873}.Debug|ARM.ActiveCfg = Debug|Any CPU
		{65D6F198-272E-46D5-98BC-DD4503A2A873}.Debug|ARM.Build.0 = Debug|Any CPU
		{65D6F198-272E-46D5-98BC-DD4503A2A873}.Debug|ARM.Deploy.0 = Debug|Any CPU
		{65D6F198-272E-46D5-98BC-DD4503A2A873}.Debug|x64.ActiveCfg = Debug|Any CPU
		{65D6F198-272E-46D5-98BC-DD4503A2A873}.Debug|x64.Build.0 = Debug|Any CPU
		{65D6F198-272E-46D5-98BC-DD4503A2A873}.Debug|x64.Deploy.0 = Debug|Any CPU
		{65D6F198-272E-46D5-98BC-DD4503A2A873}.Debug|x86.ActiveCfg = Debug|Any CPU
		{65D6F198-272E-46D5-98BC-DD4503A2A873}.Debug|x86.Build.0 = Debug|Any CPU
		{65D6F198-272E-46D5-98BC-DD4503A2A873}.Debug|x86.Deploy.0 = Debug|Any CPU
		{65D6F198-272E-46D5-98BC-DD4503A2A873}.Release|Any CPU.ActiveCfg = Release|Any CPU
		{65D6F198-272E-46D5-98BC-DD4503A2A873}.Release|Any CPU.Build.0 = Release|Any CPU
		{65D6F198-272E-46D5-98BC-DD4503A2A873}.Release|Any CPU.Deploy.0 = Release|Any CPU
		{65D6F198-272E-46D5-98BC-DD4503A2A873}.Release|ARM.ActiveCfg = Release|Any CPU
		{65D6F198-272E-46D5-98BC-DD4503A2A873}.Release|ARM.Build.0 = Release|Any CPU
		{65D6F198-272E-46D5-98BC-DD4503A2A873}.Release|ARM.Deploy.0 = Release|Any CPU
		{65D6F198-272E-46D5-98BC-DD4503A2A873}.Release|x64.ActiveCfg = Release|Any CPU
		{65D6F198-272E-46D5-98BC-DD4503A2A873}.Release|x64.Build.0 = Release|Any CPU
		{65D6F198-272E-46D5-98BC-DD4503A2A873}.Release|x64.Deploy.0 = Release|Any CPU
		{65D6F198-272E-46D5-98BC-DD4503A2A873}.Release|x86.ActiveCfg = Release|Any CPU
		{65D6F198-272E-46D5-98BC-DD4503A2A873}.Release|x86.Build.0 = Release|Any CPU
		{65D6F198-272E-46D5-98BC-DD4503A2A873}.Release|x86.Deploy.0 = Release|Any CPU
		{4308483D-F48F-43FA-8D05-EAB1EAAD8E07}.Debug|Any CPU.ActiveCfg = Debug|Any CPU
		{4308483D-F48F-43FA-8D05-EAB1EAAD8E07}.Debug|Any CPU.Build.0 = Debug|Any CPU
		{4308483D-F48F-43FA-8D05-EAB1EAAD8E07}.Debug|ARM.ActiveCfg = Debug|Any CPU
		{4308483D-F48F-43FA-8D05-EAB1EAAD8E07}.Debug|ARM.Build.0 = Debug|Any CPU
		{4308483D-F48F-43FA-8D05-EAB1EAAD8E07}.Debug|x64.ActiveCfg = Debug|Any CPU
		{4308483D-F48F-43FA-8D05-EAB1EAAD8E07}.Debug|x64.Build.0 = Debug|Any CPU
		{4308483D-F48F-43FA-8D05-EAB1EAAD8E07}.Debug|x86.ActiveCfg = Debug|Any CPU
		{4308483D-F48F-43FA-8D05-EAB1EAAD8E07}.Debug|x86.Build.0 = Debug|Any CPU
		{4308483D-F48F-43FA-8D05-EAB1EAAD8E07}.Release|Any CPU.ActiveCfg = Release|Any CPU
		{4308483D-F48F-43FA-8D05-EAB1EAAD8E07}.Release|Any CPU.Build.0 = Release|Any CPU
		{4308483D-F48F-43FA-8D05-EAB1EAAD8E07}.Release|ARM.ActiveCfg = Release|Any CPU
		{4308483D-F48F-43FA-8D05-EAB1EAAD8E07}.Release|ARM.Build.0 = Release|Any CPU
		{4308483D-F48F-43FA-8D05-EAB1EAAD8E07}.Release|x64.ActiveCfg = Release|Any CPU
		{4308483D-F48F-43FA-8D05-EAB1EAAD8E07}.Release|x64.Build.0 = Release|Any CPU
		{4308483D-F48F-43FA-8D05-EAB1EAAD8E07}.Release|x86.ActiveCfg = Release|Any CPU
		{4308483D-F48F-43FA-8D05-EAB1EAAD8E07}.Release|x86.Build.0 = Release|Any CPU
		{B0BEEFAB-D41B-4572-928F-B3E2717086BE}.Debug|Any CPU.ActiveCfg = Debug|Any CPU
		{B0BEEFAB-D41B-4572-928F-B3E2717086BE}.Debug|Any CPU.Build.0 = Debug|Any CPU
		{B0BEEFAB-D41B-4572-928F-B3E2717086BE}.Debug|ARM.ActiveCfg = Debug|Any CPU
		{B0BEEFAB-D41B-4572-928F-B3E2717086BE}.Debug|ARM.Build.0 = Debug|Any CPU
		{B0BEEFAB-D41B-4572-928F-B3E2717086BE}.Debug|x64.ActiveCfg = Debug|Any CPU
		{B0BEEFAB-D41B-4572-928F-B3E2717086BE}.Debug|x64.Build.0 = Debug|Any CPU
		{B0BEEFAB-D41B-4572-928F-B3E2717086BE}.Debug|x86.ActiveCfg = Debug|Any CPU
		{B0BEEFAB-D41B-4572-928F-B3E2717086BE}.Debug|x86.Build.0 = Debug|Any CPU
		{B0BEEFAB-D41B-4572-928F-B3E2717086BE}.Release|Any CPU.ActiveCfg = Release|Any CPU
		{B0BEEFAB-D41B-4572-928F-B3E2717086BE}.Release|Any CPU.Build.0 = Release|Any CPU
		{B0BEEFAB-D41B-4572-928F-B3E2717086BE}.Release|ARM.ActiveCfg = Release|Any CPU
		{B0BEEFAB-D41B-4572-928F-B3E2717086BE}.Release|ARM.Build.0 = Release|Any CPU
		{B0BEEFAB-D41B-4572-928F-B3E2717086BE}.Release|x64.ActiveCfg = Release|Any CPU
		{B0BEEFAB-D41B-4572-928F-B3E2717086BE}.Release|x64.Build.0 = Release|Any CPU
		{B0BEEFAB-D41B-4572-928F-B3E2717086BE}.Release|x86.ActiveCfg = Release|Any CPU
		{B0BEEFAB-D41B-4572-928F-B3E2717086BE}.Release|x86.Build.0 = Release|Any CPU
		{D3C0A7C1-921F-4088-91D7-A4687D145D15}.Debug|Any CPU.ActiveCfg = Debug|Any CPU
		{D3C0A7C1-921F-4088-91D7-A4687D145D15}.Debug|Any CPU.Build.0 = Debug|Any CPU
		{D3C0A7C1-921F-4088-91D7-A4687D145D15}.Debug|ARM.ActiveCfg = Debug|Any CPU
		{D3C0A7C1-921F-4088-91D7-A4687D145D15}.Debug|ARM.Build.0 = Debug|Any CPU
		{D3C0A7C1-921F-4088-91D7-A4687D145D15}.Debug|x64.ActiveCfg = Debug|Any CPU
		{D3C0A7C1-921F-4088-91D7-A4687D145D15}.Debug|x64.Build.0 = Debug|Any CPU
		{D3C0A7C1-921F-4088-91D7-A4687D145D15}.Debug|x86.ActiveCfg = Debug|Any CPU
		{D3C0A7C1-921F-4088-91D7-A4687D145D15}.Debug|x86.Build.0 = Debug|Any CPU
		{D3C0A7C1-921F-4088-91D7-A4687D145D15}.Release|Any CPU.ActiveCfg = Release|Any CPU
		{D3C0A7C1-921F-4088-91D7-A4687D145D15}.Release|Any CPU.Build.0 = Release|Any CPU
		{D3C0A7C1-921F-4088-91D7-A4687D145D15}.Release|ARM.ActiveCfg = Release|Any CPU
		{D3C0A7C1-921F-4088-91D7-A4687D145D15}.Release|ARM.Build.0 = Release|Any CPU
		{D3C0A7C1-921F-4088-91D7-A4687D145D15}.Release|x64.ActiveCfg = Release|Any CPU
		{D3C0A7C1-921F-4088-91D7-A4687D145D15}.Release|x64.Build.0 = Release|Any CPU
		{D3C0A7C1-921F-4088-91D7-A4687D145D15}.Release|x86.ActiveCfg = Release|Any CPU
		{D3C0A7C1-921F-4088-91D7-A4687D145D15}.Release|x86.Build.0 = Release|Any CPU
		{B63ABD2F-B86B-4937-8BD1-3A71978427C4}.Debug|Any CPU.ActiveCfg = Debug|Any CPU
		{B63ABD2F-B86B-4937-8BD1-3A71978427C4}.Debug|Any CPU.Build.0 = Debug|Any CPU
		{B63ABD2F-B86B-4937-8BD1-3A71978427C4}.Debug|ARM.ActiveCfg = Debug|Any CPU
		{B63ABD2F-B86B-4937-8BD1-3A71978427C4}.Debug|ARM.Build.0 = Debug|Any CPU
		{B63ABD2F-B86B-4937-8BD1-3A71978427C4}.Debug|x64.ActiveCfg = Debug|Any CPU
		{B63ABD2F-B86B-4937-8BD1-3A71978427C4}.Debug|x64.Build.0 = Debug|Any CPU
		{B63ABD2F-B86B-4937-8BD1-3A71978427C4}.Debug|x86.ActiveCfg = Debug|Any CPU
		{B63ABD2F-B86B-4937-8BD1-3A71978427C4}.Debug|x86.Build.0 = Debug|Any CPU
		{B63ABD2F-B86B-4937-8BD1-3A71978427C4}.Release|Any CPU.ActiveCfg = Release|Any CPU
		{B63ABD2F-B86B-4937-8BD1-3A71978427C4}.Release|Any CPU.Build.0 = Release|Any CPU
		{B63ABD2F-B86B-4937-8BD1-3A71978427C4}.Release|ARM.ActiveCfg = Release|Any CPU
		{B63ABD2F-B86B-4937-8BD1-3A71978427C4}.Release|ARM.Build.0 = Release|Any CPU
		{B63ABD2F-B86B-4937-8BD1-3A71978427C4}.Release|x64.ActiveCfg = Release|Any CPU
		{B63ABD2F-B86B-4937-8BD1-3A71978427C4}.Release|x64.Build.0 = Release|Any CPU
		{B63ABD2F-B86B-4937-8BD1-3A71978427C4}.Release|x86.ActiveCfg = Release|Any CPU
		{B63ABD2F-B86B-4937-8BD1-3A71978427C4}.Release|x86.Build.0 = Release|Any CPU
		{A3FFF33A-A7DE-4B89-BFFF-CA40B521D2A0}.Debug|Any CPU.ActiveCfg = Debug|Any CPU
		{A3FFF33A-A7DE-4B89-BFFF-CA40B521D2A0}.Debug|Any CPU.Build.0 = Debug|Any CPU
		{A3FFF33A-A7DE-4B89-BFFF-CA40B521D2A0}.Debug|ARM.ActiveCfg = Debug|Any CPU
		{A3FFF33A-A7DE-4B89-BFFF-CA40B521D2A0}.Debug|ARM.Build.0 = Debug|Any CPU
		{A3FFF33A-A7DE-4B89-BFFF-CA40B521D2A0}.Debug|x64.ActiveCfg = Debug|Any CPU
		{A3FFF33A-A7DE-4B89-BFFF-CA40B521D2A0}.Debug|x64.Build.0 = Debug|Any CPU
		{A3FFF33A-A7DE-4B89-BFFF-CA40B521D2A0}.Debug|x86.ActiveCfg = Debug|Any CPU
		{A3FFF33A-A7DE-4B89-BFFF-CA40B521D2A0}.Debug|x86.Build.0 = Debug|Any CPU
		{A3FFF33A-A7DE-4B89-BFFF-CA40B521D2A0}.Release|Any CPU.ActiveCfg = Release|Any CPU
		{A3FFF33A-A7DE-4B89-BFFF-CA40B521D2A0}.Release|Any CPU.Build.0 = Release|Any CPU
		{A3FFF33A-A7DE-4B89-BFFF-CA40B521D2A0}.Release|ARM.ActiveCfg = Release|Any CPU
		{A3FFF33A-A7DE-4B89-BFFF-CA40B521D2A0}.Release|ARM.Build.0 = Release|Any CPU
		{A3FFF33A-A7DE-4B89-BFFF-CA40B521D2A0}.Release|x64.ActiveCfg = Release|Any CPU
		{A3FFF33A-A7DE-4B89-BFFF-CA40B521D2A0}.Release|x64.Build.0 = Release|Any CPU
		{A3FFF33A-A7DE-4B89-BFFF-CA40B521D2A0}.Release|x86.ActiveCfg = Release|Any CPU
		{A3FFF33A-A7DE-4B89-BFFF-CA40B521D2A0}.Release|x86.Build.0 = Release|Any CPU
		{5BC06275-EA46-4190-A0D0-9841F0EBAE27}.Debug|Any CPU.ActiveCfg = Debug|Any CPU
		{5BC06275-EA46-4190-A0D0-9841F0EBAE27}.Debug|Any CPU.Build.0 = Debug|Any CPU
		{5BC06275-EA46-4190-A0D0-9841F0EBAE27}.Debug|ARM.ActiveCfg = Debug|Any CPU
		{5BC06275-EA46-4190-A0D0-9841F0EBAE27}.Debug|ARM.Build.0 = Debug|Any CPU
		{5BC06275-EA46-4190-A0D0-9841F0EBAE27}.Debug|x64.ActiveCfg = Debug|Any CPU
		{5BC06275-EA46-4190-A0D0-9841F0EBAE27}.Debug|x64.Build.0 = Debug|Any CPU
		{5BC06275-EA46-4190-A0D0-9841F0EBAE27}.Debug|x86.ActiveCfg = Debug|Any CPU
		{5BC06275-EA46-4190-A0D0-9841F0EBAE27}.Debug|x86.Build.0 = Debug|Any CPU
		{5BC06275-EA46-4190-A0D0-9841F0EBAE27}.Release|Any CPU.ActiveCfg = Release|Any CPU
		{5BC06275-EA46-4190-A0D0-9841F0EBAE27}.Release|Any CPU.Build.0 = Release|Any CPU
		{5BC06275-EA46-4190-A0D0-9841F0EBAE27}.Release|ARM.ActiveCfg = Release|Any CPU
		{5BC06275-EA46-4190-A0D0-9841F0EBAE27}.Release|ARM.Build.0 = Release|Any CPU
		{5BC06275-EA46-4190-A0D0-9841F0EBAE27}.Release|x64.ActiveCfg = Release|Any CPU
		{5BC06275-EA46-4190-A0D0-9841F0EBAE27}.Release|x64.Build.0 = Release|Any CPU
		{5BC06275-EA46-4190-A0D0-9841F0EBAE27}.Release|x86.ActiveCfg = Release|Any CPU
		{5BC06275-EA46-4190-A0D0-9841F0EBAE27}.Release|x86.Build.0 = Release|Any CPU
		{33C6FDDE-707C-431E-8D4B-688ECA71748A}.Debug|Any CPU.ActiveCfg = Debug|Any CPU
		{33C6FDDE-707C-431E-8D4B-688ECA71748A}.Debug|Any CPU.Build.0 = Debug|Any CPU
		{33C6FDDE-707C-431E-8D4B-688ECA71748A}.Debug|ARM.ActiveCfg = Debug|Any CPU
		{33C6FDDE-707C-431E-8D4B-688ECA71748A}.Debug|ARM.Build.0 = Debug|Any CPU
		{33C6FDDE-707C-431E-8D4B-688ECA71748A}.Debug|x64.ActiveCfg = Debug|Any CPU
		{33C6FDDE-707C-431E-8D4B-688ECA71748A}.Debug|x64.Build.0 = Debug|Any CPU
		{33C6FDDE-707C-431E-8D4B-688ECA71748A}.Debug|x86.ActiveCfg = Debug|Any CPU
		{33C6FDDE-707C-431E-8D4B-688ECA71748A}.Debug|x86.Build.0 = Debug|Any CPU
		{33C6FDDE-707C-431E-8D4B-688ECA71748A}.Release|Any CPU.ActiveCfg = Release|Any CPU
		{33C6FDDE-707C-431E-8D4B-688ECA71748A}.Release|Any CPU.Build.0 = Release|Any CPU
		{33C6FDDE-707C-431E-8D4B-688ECA71748A}.Release|ARM.ActiveCfg = Release|Any CPU
		{33C6FDDE-707C-431E-8D4B-688ECA71748A}.Release|ARM.Build.0 = Release|Any CPU
		{33C6FDDE-707C-431E-8D4B-688ECA71748A}.Release|x64.ActiveCfg = Release|Any CPU
		{33C6FDDE-707C-431E-8D4B-688ECA71748A}.Release|x64.Build.0 = Release|Any CPU
		{33C6FDDE-707C-431E-8D4B-688ECA71748A}.Release|x86.ActiveCfg = Release|Any CPU
		{33C6FDDE-707C-431E-8D4B-688ECA71748A}.Release|x86.Build.0 = Release|Any CPU
		{23CB08CA-9D3C-4039-8C47-E4D2732DFD7D}.Debug|Any CPU.ActiveCfg = Debug|Any CPU
		{23CB08CA-9D3C-4039-8C47-E4D2732DFD7D}.Debug|Any CPU.Build.0 = Debug|Any CPU
		{23CB08CA-9D3C-4039-8C47-E4D2732DFD7D}.Debug|ARM.ActiveCfg = Debug|Any CPU
		{23CB08CA-9D3C-4039-8C47-E4D2732DFD7D}.Debug|ARM.Build.0 = Debug|Any CPU
		{23CB08CA-9D3C-4039-8C47-E4D2732DFD7D}.Debug|x64.ActiveCfg = Debug|Any CPU
		{23CB08CA-9D3C-4039-8C47-E4D2732DFD7D}.Debug|x64.Build.0 = Debug|Any CPU
		{23CB08CA-9D3C-4039-8C47-E4D2732DFD7D}.Debug|x86.ActiveCfg = Debug|Any CPU
		{23CB08CA-9D3C-4039-8C47-E4D2732DFD7D}.Debug|x86.Build.0 = Debug|Any CPU
		{23CB08CA-9D3C-4039-8C47-E4D2732DFD7D}.Release|Any CPU.ActiveCfg = Release|Any CPU
		{23CB08CA-9D3C-4039-8C47-E4D2732DFD7D}.Release|Any CPU.Build.0 = Release|Any CPU
		{23CB08CA-9D3C-4039-8C47-E4D2732DFD7D}.Release|ARM.ActiveCfg = Release|Any CPU
		{23CB08CA-9D3C-4039-8C47-E4D2732DFD7D}.Release|ARM.Build.0 = Release|Any CPU
		{23CB08CA-9D3C-4039-8C47-E4D2732DFD7D}.Release|x64.ActiveCfg = Release|Any CPU
		{23CB08CA-9D3C-4039-8C47-E4D2732DFD7D}.Release|x64.Build.0 = Release|Any CPU
		{23CB08CA-9D3C-4039-8C47-E4D2732DFD7D}.Release|x86.ActiveCfg = Release|Any CPU
		{23CB08CA-9D3C-4039-8C47-E4D2732DFD7D}.Release|x86.Build.0 = Release|Any CPU
		{D58DBEAD-D387-4A76-A748-3203D2FA7274}.Debug|Any CPU.ActiveCfg = Debug|Any CPU
		{D58DBEAD-D387-4A76-A748-3203D2FA7274}.Debug|Any CPU.Build.0 = Debug|Any CPU
		{D58DBEAD-D387-4A76-A748-3203D2FA7274}.Debug|ARM.ActiveCfg = Debug|Any CPU
		{D58DBEAD-D387-4A76-A748-3203D2FA7274}.Debug|ARM.Build.0 = Debug|Any CPU
		{D58DBEAD-D387-4A76-A748-3203D2FA7274}.Debug|x64.ActiveCfg = Debug|Any CPU
		{D58DBEAD-D387-4A76-A748-3203D2FA7274}.Debug|x64.Build.0 = Debug|Any CPU
		{D58DBEAD-D387-4A76-A748-3203D2FA7274}.Debug|x86.ActiveCfg = Debug|Any CPU
		{D58DBEAD-D387-4A76-A748-3203D2FA7274}.Debug|x86.Build.0 = Debug|Any CPU
		{D58DBEAD-D387-4A76-A748-3203D2FA7274}.Release|Any CPU.ActiveCfg = Release|Any CPU
		{D58DBEAD-D387-4A76-A748-3203D2FA7274}.Release|Any CPU.Build.0 = Release|Any CPU
		{D58DBEAD-D387-4A76-A748-3203D2FA7274}.Release|ARM.ActiveCfg = Release|Any CPU
		{D58DBEAD-D387-4A76-A748-3203D2FA7274}.Release|ARM.Build.0 = Release|Any CPU
		{D58DBEAD-D387-4A76-A748-3203D2FA7274}.Release|x64.ActiveCfg = Release|Any CPU
		{D58DBEAD-D387-4A76-A748-3203D2FA7274}.Release|x64.Build.0 = Release|Any CPU
		{D58DBEAD-D387-4A76-A748-3203D2FA7274}.Release|x86.ActiveCfg = Release|Any CPU
		{D58DBEAD-D387-4A76-A748-3203D2FA7274}.Release|x86.Build.0 = Release|Any CPU
		{B2CFA699-D5EE-4C5F-BE55-31D2BB840285}.Debug|Any CPU.ActiveCfg = Debug|Any CPU
		{B2CFA699-D5EE-4C5F-BE55-31D2BB840285}.Debug|Any CPU.Build.0 = Debug|Any CPU
		{B2CFA699-D5EE-4C5F-BE55-31D2BB840285}.Debug|ARM.ActiveCfg = Debug|Any CPU
		{B2CFA699-D5EE-4C5F-BE55-31D2BB840285}.Debug|ARM.Build.0 = Debug|Any CPU
		{B2CFA699-D5EE-4C5F-BE55-31D2BB840285}.Debug|x64.ActiveCfg = Debug|Any CPU
		{B2CFA699-D5EE-4C5F-BE55-31D2BB840285}.Debug|x64.Build.0 = Debug|Any CPU
		{B2CFA699-D5EE-4C5F-BE55-31D2BB840285}.Debug|x86.ActiveCfg = Debug|Any CPU
		{B2CFA699-D5EE-4C5F-BE55-31D2BB840285}.Debug|x86.Build.0 = Debug|Any CPU
		{B2CFA699-D5EE-4C5F-BE55-31D2BB840285}.Release|Any CPU.ActiveCfg = Release|Any CPU
		{B2CFA699-D5EE-4C5F-BE55-31D2BB840285}.Release|Any CPU.Build.0 = Release|Any CPU
		{B2CFA699-D5EE-4C5F-BE55-31D2BB840285}.Release|ARM.ActiveCfg = Release|Any CPU
		{B2CFA699-D5EE-4C5F-BE55-31D2BB840285}.Release|ARM.Build.0 = Release|Any CPU
		{B2CFA699-D5EE-4C5F-BE55-31D2BB840285}.Release|x64.ActiveCfg = Release|Any CPU
		{B2CFA699-D5EE-4C5F-BE55-31D2BB840285}.Release|x64.Build.0 = Release|Any CPU
		{B2CFA699-D5EE-4C5F-BE55-31D2BB840285}.Release|x86.ActiveCfg = Release|Any CPU
		{B2CFA699-D5EE-4C5F-BE55-31D2BB840285}.Release|x86.Build.0 = Release|Any CPU
	EndGlobalSection
	GlobalSection(SolutionProperties) = preSolution
		HideSolutionNode = FALSE
	EndGlobalSection
	GlobalSection(NestedProjects) = preSolution
		{E1D355CB-D768-422D-830E-61915626767F} = {B6299F33-8682-478B-8C2E-A37826DC9B17}
		{65D6F198-272E-46D5-98BC-DD4503A2A873} = {88F4556E-4939-403B-8FB2-4C657B10CDE0}
		{4308483D-F48F-43FA-8D05-EAB1EAAD8E07} = {B6299F33-8682-478B-8C2E-A37826DC9B17}
		{B0BEEFAB-D41B-4572-928F-B3E2717086BE} = {B6299F33-8682-478B-8C2E-A37826DC9B17}
		{D3C0A7C1-921F-4088-91D7-A4687D145D15} = {B6299F33-8682-478B-8C2E-A37826DC9B17}
		{B63ABD2F-B86B-4937-8BD1-3A71978427C4} = {B6299F33-8682-478B-8C2E-A37826DC9B17}
		{A3FFF33A-A7DE-4B89-BFFF-CA40B521D2A0} = {D14B7495-CD18-439B-9D37-50E9B134C1F8}
		{5BC06275-EA46-4190-A0D0-9841F0EBAE27} = {B6299F33-8682-478B-8C2E-A37826DC9B17}
		{33C6FDDE-707C-431E-8D4B-688ECA71748A} = {B6299F33-8682-478B-8C2E-A37826DC9B17}
		{23CB08CA-9D3C-4039-8C47-E4D2732DFD7D} = {B6299F33-8682-478B-8C2E-A37826DC9B17}
		{D58DBEAD-D387-4A76-A748-3203D2FA7274} = {B6299F33-8682-478B-8C2E-A37826DC9B17}
		{B2CFA699-D5EE-4C5F-BE55-31D2BB840285} = {B6299F33-8682-478B-8C2E-A37826DC9B17}
	EndGlobalSection
	GlobalSection(ExtensibilityGlobals) = postSolution
		SolutionGuid = {376A0018-D67B-4B42-8296-68CACB7FEFC5}
	EndGlobalSection
EndGlobal
