
Microsoft Visual Studio Solution File, Format Version 12.00
# Visual Studio 15
VisualStudioVersion = 15.0.27625.0
MinimumVisualStudioVersion = 10.0.40219.1
Project("{2150E333-8FDC-42A3-9474-1A3956D46DE8}") = "server", "server", "{B6299F33-8682-478B-8C2E-A37826DC9B17}"
EndProject
Project("{9A19103F-16F7-4668-BE54-9A1E7A4F7556}") = "Sho.Pocket.Api", "server\Sho.Pocket.Api\Sho.Pocket.Api.csproj", "{E1D355CB-D768-422D-830E-61915626767F}"
EndProject
Project("{00D1A9C2-B5F0-4AF3-8072-F6C62B433612}") = "PocketDb", "database\PocketDb\PocketDb.sqlproj", "{65D6F198-272E-46D5-98BC-DD4503A2A873}"
EndProject
Project("{2150E333-8FDC-42A3-9474-1A3956D46DE8}") = "database", "database", "{88F4556E-4939-403B-8FB2-4C657B10CDE0}"
EndProject
Project("{9A19103F-16F7-4668-BE54-9A1E7A4F7556}") = "Sho.Pocket.Application", "server\Sho.Pocket.Application\Sho.Pocket.Application.csproj", "{4308483D-F48F-43FA-8D05-EAB1EAAD8E07}"
EndProject
Project("{9A19103F-16F7-4668-BE54-9A1E7A4F7556}") = "Sho.Pocket.Domain", "server\Sho.Pocket.Domain\Sho.Pocket.Domain.csproj", "{B0BEEFAB-D41B-4572-928F-B3E2717086BE}"
EndProject
Project("{9A19103F-16F7-4668-BE54-9A1E7A4F7556}") = "Sho.Pocket.Core", "server\Sho.Pocket.Core\Sho.Pocket.Core.csproj", "{D3C0A7C1-921F-4088-91D7-A4687D145D15}"
EndProject
Project("{9A19103F-16F7-4668-BE54-9A1E7A4F7556}") = "Sho.Pocket.DataAccess.Sql", "server\Sho.Pocket.DataAccess.Sql\Sho.Pocket.DataAccess.Sql.csproj", "{59F93148-AAE3-4C63-B904-8F5901F171A0}"
EndProject
Project("{FAE04EC0-301F-11D3-BF4B-00C04F79EFBC}") = "Sho.Pocket.Web", "server\Sho.Pocket.Web\Sho.Pocket.Web.csproj", "{B63ABD2F-B86B-4937-8BD1-3A71978427C4}"
EndProject
Global
	GlobalSection(SolutionConfigurationPlatforms) = preSolution
		Debug|Any CPU = Debug|Any CPU
		Debug|ARM = Debug|ARM
		Debug|x64 = Debug|x64
		Debug|x86 = Debug|x86
		Release|Any CPU = Release|Any CPU
		Release|ARM = Release|ARM
		Release|x64 = Release|x64
		Release|x86 = Release|x86
	EndGlobalSection
	GlobalSection(ProjectConfigurationPlatforms) = postSolution
		{E1D355CB-D768-422D-830E-61915626767F}.Debug|Any CPU.ActiveCfg = Debug|Any CPU
		{E1D355CB-D768-422D-830E-61915626767F}.Debug|Any CPU.Build.0 = Debug|Any CPU
		{E1D355CB-D768-422D-830E-61915626767F}.Debug|ARM.ActiveCfg = Debug|Any CPU
		{E1D355CB-D768-422D-830E-61915626767F}.Debug|ARM.Build.0 = Debug|Any CPU
		{E1D355CB-D768-422D-830E-61915626767F}.Debug|x64.ActiveCfg = Debug|Any CPU
		{E1D355CB-D768-422D-830E-61915626767F}.Debug|x64.Build.0 = Debug|Any CPU
		{E1D355CB-D768-422D-830E-61915626767F}.Debug|x86.ActiveCfg = Debug|Any CPU
		{E1D355CB-D768-422D-830E-61915626767F}.Debug|x86.Build.0 = Debug|Any CPU
		{E1D355CB-D768-422D-830E-61915626767F}.Release|Any CPU.ActiveCfg = Release|Any CPU
		{E1D355CB-D768-422D-830E-61915626767F}.Release|Any CPU.Build.0 = Release|Any CPU
		{E1D355CB-D768-422D-830E-61915626767F}.Release|ARM.ActiveCfg = Release|Any CPU
		{E1D355CB-D768-422D-830E-61915626767F}.Release|ARM.Build.0 = Release|Any CPU
		{E1D355CB-D768-422D-830E-61915626767F}.Release|x64.ActiveCfg = Release|Any CPU
		{E1D355CB-D768-422D-830E-61915626767F}.Release|x64.Build.0 = Release|Any CPU
		{E1D355CB-D768-422D-830E-61915626767F}.Release|x86.ActiveCfg = Release|Any CPU
		{E1D355CB-D768-422D-830E-61915626767F}.Release|x86.Build.0 = Release|Any CPU
		{65D6F198-272E-46D5-98BC-DD4503A2A873}.Debug|Any CPU.ActiveCfg = Debug|Any CPU
		{65D6F198-272E-46D5-98BC-DD4503A2A873}.Debug|Any CPU.Build.0 = Debug|Any CPU
		{65D6F198-272E-46D5-98BC-DD4503A2A873}.Debug|Any CPU.Deploy.0 = Debug|Any CPU
		{65D6F198-272E-46D5-98BC-DD4503A2A873}.Debug|ARM.ActiveCfg = Debug|Any CPU
		{65D6F198-272E-46D5-98BC-DD4503A2A873}.Debug|ARM.Build.0 = Debug|Any CPU
		{65D6F198-272E-46D5-98BC-DD4503A2A873}.Debug|ARM.Deploy.0 = Debug|Any CPU
		{65D6F198-272E-46D5-98BC-DD4503A2A873}.Debug|x64.ActiveCfg = Debug|Any CPU
		{65D6F198-272E-46D5-98BC-DD4503A2A873}.Debug|x64.Build.0 = Debug|Any CPU
		{65D6F198-272E-46D5-98BC-DD4503A2A873}.Debug|x64.Deploy.0 = Debug|Any CPU
		{65D6F198-272E-46D5-98BC-DD4503A2A873}.Debug|x86.ActiveCfg = Debug|Any CPU
		{65D6F198-272E-46D5-98BC-DD4503A2A873}.Debug|x86.Build.0 = Debug|Any CPU
		{65D6F198-272E-46D5-98BC-DD4503A2A873}.Debug|x86.Deploy.0 = Debug|Any CPU
		{65D6F198-272E-46D5-98BC-DD4503A2A873}.Release|Any CPU.ActiveCfg = Release|Any CPU
		{65D6F198-272E-46D5-98BC-DD4503A2A873}.Release|Any CPU.Build.0 = Release|Any CPU
		{65D6F198-272E-46D5-98BC-DD4503A2A873}.Release|Any CPU.Deploy.0 = Release|Any CPU
		{65D6F198-272E-46D5-98BC-DD4503A2A873}.Release|ARM.ActiveCfg = Release|Any CPU
		{65D6F198-272E-46D5-98BC-DD4503A2A873}.Release|ARM.Build.0 = Release|Any CPU
		{65D6F198-272E-46D5-98BC-DD4503A2A873}.Release|ARM.Deploy.0 = Release|Any CPU
		{65D6F198-272E-46D5-98BC-DD4503A2A873}.Release|x64.ActiveCfg = Release|Any CPU
		{65D6F198-272E-46D5-98BC-DD4503A2A873}.Release|x64.Build.0 = Release|Any CPU
		{65D6F198-272E-46D5-98BC-DD4503A2A873}.Release|x64.Deploy.0 = Release|Any CPU
		{65D6F198-272E-46D5-98BC-DD4503A2A873}.Release|x86.ActiveCfg = Release|Any CPU
		{65D6F198-272E-46D5-98BC-DD4503A2A873}.Release|x86.Build.0 = Release|Any CPU
		{65D6F198-272E-46D5-98BC-DD4503A2A873}.Release|x86.Deploy.0 = Release|Any CPU
		{4308483D-F48F-43FA-8D05-EAB1EAAD8E07}.Debug|Any CPU.ActiveCfg = Debug|Any CPU
		{4308483D-F48F-43FA-8D05-EAB1EAAD8E07}.Debug|Any CPU.Build.0 = Debug|Any CPU
		{4308483D-F48F-43FA-8D05-EAB1EAAD8E07}.Debug|ARM.ActiveCfg = Debug|Any CPU
		{4308483D-F48F-43FA-8D05-EAB1EAAD8E07}.Debug|ARM.Build.0 = Debug|Any CPU
		{4308483D-F48F-43FA-8D05-EAB1EAAD8E07}.Debug|x64.ActiveCfg = Debug|Any CPU
		{4308483D-F48F-43FA-8D05-EAB1EAAD8E07}.Debug|x64.Build.0 = Debug|Any CPU
		{4308483D-F48F-43FA-8D05-EAB1EAAD8E07}.Debug|x86.ActiveCfg = Debug|Any CPU
		{4308483D-F48F-43FA-8D05-EAB1EAAD8E07}.Debug|x86.Build.0 = Debug|Any CPU
		{4308483D-F48F-43FA-8D05-EAB1EAAD8E07}.Release|Any CPU.ActiveCfg = Release|Any CPU
		{4308483D-F48F-43FA-8D05-EAB1EAAD8E07}.Release|Any CPU.Build.0 = Release|Any CPU
		{4308483D-F48F-43FA-8D05-EAB1EAAD8E07}.Release|ARM.ActiveCfg = Release|Any CPU
		{4308483D-F48F-43FA-8D05-EAB1EAAD8E07}.Release|ARM.Build.0 = Release|Any CPU
		{4308483D-F48F-43FA-8D05-EAB1EAAD8E07}.Release|x64.ActiveCfg = Release|Any CPU
		{4308483D-F48F-43FA-8D05-EAB1EAAD8E07}.Release|x64.Build.0 = Release|Any CPU
		{4308483D-F48F-43FA-8D05-EAB1EAAD8E07}.Release|x86.ActiveCfg = Release|Any CPU
		{4308483D-F48F-43FA-8D05-EAB1EAAD8E07}.Release|x86.Build.0 = Release|Any CPU
		{B0BEEFAB-D41B-4572-928F-B3E2717086BE}.Debug|Any CPU.ActiveCfg = Debug|Any CPU
		{B0BEEFAB-D41B-4572-928F-B3E2717086BE}.Debug|Any CPU.Build.0 = Debug|Any CPU
		{B0BEEFAB-D41B-4572-928F-B3E2717086BE}.Debug|ARM.ActiveCfg = Debug|Any CPU
		{B0BEEFAB-D41B-4572-928F-B3E2717086BE}.Debug|ARM.Build.0 = Debug|Any CPU
		{B0BEEFAB-D41B-4572-928F-B3E2717086BE}.Debug|x64.ActiveCfg = Debug|Any CPU
		{B0BEEFAB-D41B-4572-928F-B3E2717086BE}.Debug|x64.Build.0 = Debug|Any CPU
		{B0BEEFAB-D41B-4572-928F-B3E2717086BE}.Debug|x86.ActiveCfg = Debug|Any CPU
		{B0BEEFAB-D41B-4572-928F-B3E2717086BE}.Debug|x86.Build.0 = Debug|Any CPU
		{B0BEEFAB-D41B-4572-928F-B3E2717086BE}.Release|Any CPU.ActiveCfg = Release|Any CPU
		{B0BEEFAB-D41B-4572-928F-B3E2717086BE}.Release|Any CPU.Build.0 = Release|Any CPU
		{B0BEEFAB-D41B-4572-928F-B3E2717086BE}.Release|ARM.ActiveCfg = Release|Any CPU
		{B0BEEFAB-D41B-4572-928F-B3E2717086BE}.Release|ARM.Build.0 = Release|Any CPU
		{B0BEEFAB-D41B-4572-928F-B3E2717086BE}.Release|x64.ActiveCfg = Release|Any CPU
		{B0BEEFAB-D41B-4572-928F-B3E2717086BE}.Release|x64.Build.0 = Release|Any CPU
		{B0BEEFAB-D41B-4572-928F-B3E2717086BE}.Release|x86.ActiveCfg = Release|Any CPU
		{B0BEEFAB-D41B-4572-928F-B3E2717086BE}.Release|x86.Build.0 = Release|Any CPU
		{D3C0A7C1-921F-4088-91D7-A4687D145D15}.Debug|Any CPU.ActiveCfg = Debug|Any CPU
		{D3C0A7C1-921F-4088-91D7-A4687D145D15}.Debug|Any CPU.Build.0 = Debug|Any CPU
		{D3C0A7C1-921F-4088-91D7-A4687D145D15}.Debug|ARM.ActiveCfg = Debug|Any CPU
		{D3C0A7C1-921F-4088-91D7-A4687D145D15}.Debug|ARM.Build.0 = Debug|Any CPU
		{D3C0A7C1-921F-4088-91D7-A4687D145D15}.Debug|x64.ActiveCfg = Debug|Any CPU
		{D3C0A7C1-921F-4088-91D7-A4687D145D15}.Debug|x64.Build.0 = Debug|Any CPU
		{D3C0A7C1-921F-4088-91D7-A4687D145D15}.Debug|x86.ActiveCfg = Debug|Any CPU
		{D3C0A7C1-921F-4088-91D7-A4687D145D15}.Debug|x86.Build.0 = Debug|Any CPU
		{D3C0A7C1-921F-4088-91D7-A4687D145D15}.Release|Any CPU.ActiveCfg = Release|Any CPU
		{D3C0A7C1-921F-4088-91D7-A4687D145D15}.Release|Any CPU.Build.0 = Release|Any CPU
		{D3C0A7C1-921F-4088-91D7-A4687D145D15}.Release|ARM.ActiveCfg = Release|Any CPU
		{D3C0A7C1-921F-4088-91D7-A4687D145D15}.Release|ARM.Build.0 = Release|Any CPU
		{D3C0A7C1-921F-4088-91D7-A4687D145D15}.Release|x64.ActiveCfg = Release|Any CPU
		{D3C0A7C1-921F-4088-91D7-A4687D145D15}.Release|x64.Build.0 = Release|Any CPU
		{D3C0A7C1-921F-4088-91D7-A4687D145D15}.Release|x86.ActiveCfg = Release|Any CPU
		{D3C0A7C1-921F-4088-91D7-A4687D145D15}.Release|x86.Build.0 = Release|Any CPU
		{59F93148-AAE3-4C63-B904-8F5901F171A0}.Debug|Any CPU.ActiveCfg = Debug|Any CPU
		{59F93148-AAE3-4C63-B904-8F5901F171A0}.Debug|Any CPU.Build.0 = Debug|Any CPU
		{59F93148-AAE3-4C63-B904-8F5901F171A0}.Debug|ARM.ActiveCfg = Debug|Any CPU
		{59F93148-AAE3-4C63-B904-8F5901F171A0}.Debug|ARM.Build.0 = Debug|Any CPU
		{59F93148-AAE3-4C63-B904-8F5901F171A0}.Debug|x64.ActiveCfg = Debug|Any CPU
		{59F93148-AAE3-4C63-B904-8F5901F171A0}.Debug|x64.Build.0 = Debug|Any CPU
		{59F93148-AAE3-4C63-B904-8F5901F171A0}.Debug|x86.ActiveCfg = Debug|Any CPU
		{59F93148-AAE3-4C63-B904-8F5901F171A0}.Debug|x86.Build.0 = Debug|Any CPU
		{59F93148-AAE3-4C63-B904-8F5901F171A0}.Release|Any CPU.ActiveCfg = Release|Any CPU
		{59F93148-AAE3-4C63-B904-8F5901F171A0}.Release|Any CPU.Build.0 = Release|Any CPU
		{59F93148-AAE3-4C63-B904-8F5901F171A0}.Release|ARM.ActiveCfg = Release|Any CPU
		{59F93148-AAE3-4C63-B904-8F5901F171A0}.Release|ARM.Build.0 = Release|Any CPU
		{59F93148-AAE3-4C63-B904-8F5901F171A0}.Release|x64.ActiveCfg = Release|Any CPU
		{59F93148-AAE3-4C63-B904-8F5901F171A0}.Release|x64.Build.0 = Release|Any CPU
		{59F93148-AAE3-4C63-B904-8F5901F171A0}.Release|x86.ActiveCfg = Release|Any CPU
		{59F93148-AAE3-4C63-B904-8F5901F171A0}.Release|x86.Build.0 = Release|Any CPU
		{B63ABD2F-B86B-4937-8BD1-3A71978427C4}.Debug|Any CPU.ActiveCfg = Debug|Any CPU
		{B63ABD2F-B86B-4937-8BD1-3A71978427C4}.Debug|Any CPU.Build.0 = Debug|Any CPU
		{B63ABD2F-B86B-4937-8BD1-3A71978427C4}.Debug|ARM.ActiveCfg = Debug|Any CPU
		{B63ABD2F-B86B-4937-8BD1-3A71978427C4}.Debug|ARM.Build.0 = Debug|Any CPU
		{B63ABD2F-B86B-4937-8BD1-3A71978427C4}.Debug|x64.ActiveCfg = Debug|Any CPU
		{B63ABD2F-B86B-4937-8BD1-3A71978427C4}.Debug|x64.Build.0 = Debug|Any CPU
		{B63ABD2F-B86B-4937-8BD1-3A71978427C4}.Debug|x86.ActiveCfg = Debug|Any CPU
		{B63ABD2F-B86B-4937-8BD1-3A71978427C4}.Debug|x86.Build.0 = Debug|Any CPU
		{B63ABD2F-B86B-4937-8BD1-3A71978427C4}.Release|Any CPU.ActiveCfg = Release|Any CPU
		{B63ABD2F-B86B-4937-8BD1-3A71978427C4}.Release|Any CPU.Build.0 = Release|Any CPU
		{B63ABD2F-B86B-4937-8BD1-3A71978427C4}.Release|ARM.ActiveCfg = Release|Any CPU
		{B63ABD2F-B86B-4937-8BD1-3A71978427C4}.Release|ARM.Build.0 = Release|Any CPU
		{B63ABD2F-B86B-4937-8BD1-3A71978427C4}.Release|x64.ActiveCfg = Release|Any CPU
		{B63ABD2F-B86B-4937-8BD1-3A71978427C4}.Release|x64.Build.0 = Release|Any CPU
		{B63ABD2F-B86B-4937-8BD1-3A71978427C4}.Release|x86.ActiveCfg = Release|Any CPU
		{B63ABD2F-B86B-4937-8BD1-3A71978427C4}.Release|x86.Build.0 = Release|Any CPU
	EndGlobalSection
	GlobalSection(SolutionProperties) = preSolution
		HideSolutionNode = FALSE
	EndGlobalSection
	GlobalSection(NestedProjects) = preSolution
		{E1D355CB-D768-422D-830E-61915626767F} = {B6299F33-8682-478B-8C2E-A37826DC9B17}
		{65D6F198-272E-46D5-98BC-DD4503A2A873} = {88F4556E-4939-403B-8FB2-4C657B10CDE0}
		{4308483D-F48F-43FA-8D05-EAB1EAAD8E07} = {B6299F33-8682-478B-8C2E-A37826DC9B17}
		{B0BEEFAB-D41B-4572-928F-B3E2717086BE} = {B6299F33-8682-478B-8C2E-A37826DC9B17}
		{D3C0A7C1-921F-4088-91D7-A4687D145D15} = {B6299F33-8682-478B-8C2E-A37826DC9B17}
		{59F93148-AAE3-4C63-B904-8F5901F171A0} = {B6299F33-8682-478B-8C2E-A37826DC9B17}
		{B63ABD2F-B86B-4937-8BD1-3A71978427C4} = {B6299F33-8682-478B-8C2E-A37826DC9B17}
	EndGlobalSection
	GlobalSection(ExtensibilityGlobals) = postSolution
		SolutionGuid = {376A0018-D67B-4B42-8296-68CACB7FEFC5}
	EndGlobalSection
EndGlobal
